
Microsoft Visual Studio Solution File, Format Version 12.00
# Visual Studio 2013
VisualStudioVersion = 12.0.30501.0
MinimumVisualStudioVersion = 10.0.40219.1
Project("{8BC9CEB8-8B4A-11D0-8D11-00A0C91BC942}") = "1", "1\1.vcxproj", "{3F0ED1A0-2F31-4474-A0DC-D280BA7BB87B}"
EndProject
Global
	GlobalSection(SolutionConfigurationPlatforms) = preSolution
		Debug|Win32 = Debug|Win32
		Release|Win32 = Release|Win32
	EndGlobalSection
	GlobalSection(ProjectConfigurationPlatforms) = postSolution
		{3F0ED1A0-2F31-4474-A0DC-D280BA7BB87B}.Debug|Win32.ActiveCfg = Debug|Win32
		{3F0ED1A0-2F31-4474-A0DC-D280BA7BB87B}.Debug|Win32.Build.0 = Debug|Win32
		{3F0ED1A0-2F31-4474-A0DC-D280BA7BB87B}.Release|Win32.ActiveCfg = Release|Win32
		{3F0ED1A0-2F31-4474-A0DC-D280BA7BB87B}.Release|Win32.Build.0 = Release|Win32
	EndGlobalSection
	GlobalSection(SolutionProperties) = preSolution
		HideSolutionNode = FALSE
	EndGlobalSection
EndGlobal
